# Generated by pub
# See https://dart.dev/tools/pub/glossary#lockfile
packages:
  async:
    dependency: transitive
    description:
      name: async
      sha256: d2872f9c19731c2e5f10444b14686eb7cc85c76274bd6c16e1816bff9a3bab63
      url: "https://pub.dev"
    source: hosted
    version: "2.12.0"
  boolean_selector:
    dependency: transitive
    description:
      name: boolean_selector
      sha256: "8aab1771e1243a5063b8b0ff68042d67334e3feab9e95b9490f9a6ebf73b42ea"
      url: "https://pub.dev"
    source: hosted
    version: "2.1.2"
  characters:
    dependency: transitive
    description:
      name: characters
      sha256: f71061c654a3380576a52b451dd5532377954cf9dbd272a78fc8479606670803
      url: "https://pub.dev"
    source: hosted
    version: "1.4.0"
  clock:
    dependency: transitive
    description:
      name: clock
      sha256: fddb70d9b5277016c77a80201021d40a2247104d9f4aa7bab7157b7e3f05b84b
      url: "https://pub.dev"
    source: hosted
    version: "1.1.2"
  collection:
    dependency: transitive
    description:
      name: collection
      sha256: "2f5709ae4d3d59dd8f7cd309b4e023046b57d8a6c82130785d2b0e5868084e76"
      url: "https://pub.dev"
    source: hosted
    version: "1.19.1"
  cross_file:
    dependency: transitive
    description:
      name: cross_file
      sha256: "7caf6a750a0c04effbb52a676dce9a4a592e10ad35c34d6d2d0e4811160d5670"
      url: "https://pub.dev"
    source: hosted
    version: "0.3.4+2"
  cupertino_icons:
    dependency: "direct main"
    description:
      name: cupertino_icons
      sha256: ba631d1c7f7bef6b729a622b7b752645a2d076dba9976925b8f25725a30e1ee6
      url: "https://pub.dev"
    source: hosted
    version: "1.0.8"
  fake_async:
    dependency: transitive
    description:
      name: fake_async
      sha256: "6a95e56b2449df2273fd8c45a662d6947ce1ebb7aafe80e550a3f68297f3cacc"
      url: "https://pub.dev"
    source: hosted
    version: "1.3.2"
  ffi:
    dependency: transitive
    description:
      name: ffi
      sha256: "289279317b4b16eb2bb7e271abccd4bf84ec9bdcbe999e278a94b804f5630418"
      url: "https://pub.dev"
    source: hosted
    version: "2.1.4"
  file_picker:
    dependency: transitive
    description:
      name: file_picker
      sha256: "09b474c0c8117484b80cbebc043801ff91e05cfbd2874d512825c899e1754694"
      url: "https://pub.dev"
    source: hosted
    version: "9.2.3"
  flex_color_picker:
    dependency: transitive
    description:
      name: flex_color_picker
      sha256: c083b79f1c57eaeed9f464368be376951230b3cb1876323b784626152a86e480
      url: "https://pub.dev"
    source: hosted
    version: "3.7.0"
  flex_seed_scheme:
    dependency: transitive
    description:
      name: flex_seed_scheme
      sha256: b06d8b367b84cbf7ca5c5603c858fa5edae88486c4e4da79ac1044d73b6c62ec
      url: "https://pub.dev"
    source: hosted
    version: "3.5.1"
  flutter:
    dependency: "direct main"
    description: flutter
    source: sdk
    version: "0.0.0"
  flutter_inappwebview:
    dependency: transitive
    description:
      name: flutter_inappwebview
      sha256: "80092d13d3e29b6227e25b67973c67c7210bd5e35c4b747ca908e31eb71a46d5"
      url: "https://pub.dev"
    source: hosted
    version: "6.1.5"
  flutter_inappwebview_android:
    dependency: transitive
    description:
      name: flutter_inappwebview_android
      sha256: "62557c15a5c2db5d195cb3892aab74fcaec266d7b86d59a6f0027abd672cddba"
      url: "https://pub.dev"
    source: hosted
    version: "1.1.3"
  flutter_inappwebview_internal_annotations:
    dependency: transitive
    description:
      name: flutter_inappwebview_internal_annotations
      sha256: "5f80fd30e208ddded7dbbcd0d569e7995f9f63d45ea3f548d8dd4c0b473fb4c8"
      url: "https://pub.dev"
    source: hosted
    version: "1.1.1"
  flutter_inappwebview_ios:
    dependency: transitive
    description:
      name: flutter_inappwebview_ios
      sha256: "5818cf9b26cf0cbb0f62ff50772217d41ea8d3d9cc00279c45f8aabaa1b4025d"
      url: "https://pub.dev"
    source: hosted
    version: "1.1.2"
  flutter_inappwebview_macos:
    dependency: transitive
    description:
      name: flutter_inappwebview_macos
      sha256: c1fbb86af1a3738e3541364d7d1866315ffb0468a1a77e34198c9be571287da1
      url: "https://pub.dev"
    source: hosted
    version: "1.1.2"
  flutter_inappwebview_platform_interface:
    dependency: transitive
    description:
      name: flutter_inappwebview_platform_interface
      sha256: cf5323e194096b6ede7a1ca808c3e0a078e4b33cc3f6338977d75b4024ba2500
      url: "https://pub.dev"
    source: hosted
    version: "1.3.0+1"
  flutter_inappwebview_web:
    dependency: transitive
    description:
      name: flutter_inappwebview_web
      sha256: "55f89c83b0a0d3b7893306b3bb545ba4770a4df018204917148ebb42dc14a598"
      url: "https://pub.dev"
    source: hosted
    version: "1.1.2"
  flutter_inappwebview_windows:
    dependency: transitive
    description:
      name: flutter_inappwebview_windows
      sha256: "8b4d3a46078a2cdc636c4a3d10d10f2a16882f6be607962dbfff8874d1642055"
      url: "https://pub.dev"
    source: hosted
    version: "0.6.0"
  flutter_keyboard_visibility:
    dependency: transitive
    description:
      name: flutter_keyboard_visibility
      sha256: "98664be7be0e3ffca00de50f7f6a287ab62c763fc8c762e0a21584584a3ff4f8"
      url: "https://pub.dev"
    source: hosted
    version: "6.0.0"
  flutter_keyboard_visibility_linux:
    dependency: transitive
    description:
      name: flutter_keyboard_visibility_linux
      sha256: "6fba7cd9bb033b6ddd8c2beb4c99ad02d728f1e6e6d9b9446667398b2ac39f08"
      url: "https://pub.dev"
    source: hosted
    version: "1.0.0"
  flutter_keyboard_visibility_macos:
    dependency: transitive
    description:
      name: flutter_keyboard_visibility_macos
      sha256: c5c49b16fff453dfdafdc16f26bdd8fb8d55812a1d50b0ce25fc8d9f2e53d086
      url: "https://pub.dev"
    source: hosted
    version: "1.0.0"
  flutter_keyboard_visibility_platform_interface:
    dependency: transitive
    description:
      name: flutter_keyboard_visibility_platform_interface
      sha256: e43a89845873f7be10cb3884345ceb9aebf00a659f479d1c8f4293fcb37022a4
      url: "https://pub.dev"
    source: hosted
    version: "2.0.0"
  flutter_keyboard_visibility_web:
    dependency: transitive
    description:
      name: flutter_keyboard_visibility_web
      sha256: d3771a2e752880c79203f8d80658401d0c998e4183edca05a149f5098ce6e3d1
      url: "https://pub.dev"
    source: hosted
    version: "2.0.0"
  flutter_keyboard_visibility_windows:
    dependency: transitive
    description:
      name: flutter_keyboard_visibility_windows
      sha256: fc4b0f0b6be9b93ae527f3d527fb56ee2d918cd88bbca438c478af7bcfd0ef73
      url: "https://pub.dev"
    source: hosted
    version: "1.0.0"
  flutter_plugin_android_lifecycle:
    dependency: transitive
    description:
      name: flutter_plugin_android_lifecycle
      sha256: "5a1e6fb2c0561958d7e4c33574674bda7b77caaca7a33b758876956f2902eea3"
      url: "https://pub.dev"
    source: hosted
    version: "2.0.27"
  flutter_test:
    dependency: "direct dev"
    description: flutter
    source: sdk
    version: "0.0.0"
  flutter_web_plugins:
    dependency: transitive
    description: flutter
    source: sdk
    version: "0.0.0"
  html_editor_enhanced:
    dependency: "direct main"
    description:
      path: ".."
      relative: true
    source: path
    version: "2.6.0"
  infinite_listview:
    dependency: transitive
    description:
      name: infinite_listview
      sha256: f6062c1720eb59be553dfa6b89813d3e8dd2f054538445aaa5edaddfa5195ce6
      url: "https://pub.dev"
    source: hosted
    version: "1.1.0"
  leak_tracker:
    dependency: transitive
    description:
      name: leak_tracker
      sha256: c35baad643ba394b40aac41080300150a4f08fd0fd6a10378f8f7c6bc161acec
      url: "https://pub.dev"
    source: hosted
    version: "10.0.8"
  leak_tracker_flutter_testing:
    dependency: transitive
    description:
      name: leak_tracker_flutter_testing
      sha256: f8b613e7e6a13ec79cfdc0e97638fddb3ab848452eff057653abd3edba760573
      url: "https://pub.dev"
    source: hosted
    version: "3.0.9"
  leak_tracker_testing:
    dependency: transitive
    description:
      name: leak_tracker_testing
      sha256: "6ba465d5d76e67ddf503e1161d1f4a6bc42306f9d66ca1e8f079a47290fb06d3"
      url: "https://pub.dev"
    source: hosted
    version: "3.0.1"
  matcher:
    dependency: transitive
    description:
      name: matcher
      sha256: dc58c723c3c24bf8d3e2d3ad3f2f9d7bd9cf43ec6feaa64181775e60190153f2
      url: "https://pub.dev"
    source: hosted
    version: "0.12.17"
  material_color_utilities:
    dependency: transitive
    description:
      name: material_color_utilities
      sha256: f7142bb1154231d7ea5f96bc7bde4bda2a0945d2806bb11670e30b850d56bdec
      url: "https://pub.dev"
    source: hosted
    version: "0.11.1"
  meta:
    dependency: transitive
    description:
      name: meta
      sha256: e3641ec5d63ebf0d9b41bd43201a66e3fc79a65db5f61fc181f04cd27aab950c
      url: "https://pub.dev"
    source: hosted
    version: "1.16.0"
  numberpicker:
    dependency: transitive
    description:
      name: numberpicker
      sha256: "4c129154944b0f6b133e693f8749c3f8bfb67c4d07ef9dcab48b595c22d1f156"
      url: "https://pub.dev"
    source: hosted
    version: "2.1.2"
  path:
    dependency: transitive
    description:
      name: path
      sha256: "75cca69d1490965be98c73ceaea117e8a04dd21217b37b292c9ddbec0d955bc5"
      url: "https://pub.dev"
    source: hosted
    version: "1.9.1"
  plugin_platform_interface:
    dependency: transitive
    description:
      name: plugin_platform_interface
      sha256: "4820fbfdb9478b1ebae27888254d445073732dae3d6ea81f0b7e06d5dedc3f02"
      url: "https://pub.dev"
    source: hosted
    version: "2.1.8"
  pointer_interceptor:
    dependency: transitive
    description:
      name: pointer_interceptor
      sha256: d0a8e660d1204eaec5bd34b34cc92174690e076d2e4f893d9d68c486a13b07c4
      url: "https://pub.dev"
    source: hosted
    version: "0.10.1+1"
  pointer_interceptor_ios:
    dependency: transitive
    description:
      name: pointer_interceptor_ios
      sha256: "2e73c39452830adc4695757130676a39412a3b7f3c34e3f752791b5384770877"
      url: "https://pub.dev"
    source: hosted
    version: "0.10.0+2"
  pointer_interceptor_platform_interface:
    dependency: transitive
    description:
      name: pointer_interceptor_platform_interface
      sha256: "0597b0560e14354baeb23f8375cd612e8bd4841bf8306ecb71fcd0bb78552506"
      url: "https://pub.dev"
    source: hosted
    version: "0.10.0+1"
  pointer_interceptor_web:
    dependency: transitive
    description:
      name: pointer_interceptor_web
      sha256: "7a7087782110f8c1827170660b09f8aa893e0e9a61431dbbe2ac3fc482e8c044"
      url: "https://pub.dev"
    source: hosted
    version: "0.10.2+1"
  sky_engine:
    dependency: transitive
    description: flutter
    source: sdk
    version: "0.0.0"
  source_span:
    dependency: transitive
    description:
      name: source_span
      sha256: "254ee5351d6cb365c859e20ee823c3bb479bf4a293c22d17a9f1bf144ce86f7c"
      url: "https://pub.dev"
    source: hosted
    version: "1.10.1"
  stack_trace:
    dependency: transitive
    description:
      name: stack_trace
      sha256: "8b27215b45d22309b5cddda1aa2b19bdfec9df0e765f2de506401c071d38d1b1"
      url: "https://pub.dev"
    source: hosted
    version: "1.12.1"
  stream_channel:
    dependency: transitive
    description:
      name: stream_channel
      sha256: "969e04c80b8bcdf826f8f16579c7b14d780458bd97f56d107d3950fdbeef059d"
      url: "https://pub.dev"
    source: hosted
    version: "2.1.4"
  string_scanner:
    dependency: transitive
    description:
      name: string_scanner
      sha256: "921cd31725b72fe181906c6a94d987c78e3b98c2e205b397ea399d4054872b43"
      url: "https://pub.dev"
    source: hosted
    version: "1.4.1"
  term_glyph:
    dependency: transitive
    description:
      name: term_glyph
      sha256: "7f554798625ea768a7518313e58f83891c7f5024f88e46e7182a4558850a4b8e"
      url: "https://pub.dev"
    source: hosted
    version: "1.2.2"
  test_api:
    dependency: transitive
    description:
      name: test_api
      sha256: fb31f383e2ee25fbbfe06b40fe21e1e458d14080e3c67e7ba0acfde4df4e0bbd
      url: "https://pub.dev"
    source: hosted
    version: "0.7.4"
  vector_math:
    dependency: transitive
    description:
      name: vector_math
      sha256: "80b3257d1492ce4d091729e3a67a60407d227c27241d6927be0130c98e741803"
      url: "https://pub.dev"
    source: hosted
    version: "2.1.4"
  visibility_detector:
    dependency: transitive
    description:
      name: visibility_detector
      sha256: dd5cc11e13494f432d15939c3aa8ae76844c42b723398643ce9addb88a5ed420
      url: "https://pub.dev"
    source: hosted
    version: "0.4.0+2"
  vm_service:
    dependency: transitive
    description:
      name: vm_service
      sha256: "0968250880a6c5fe7edc067ed0a13d4bae1577fe2771dcf3010d52c4a9d3ca14"
      url: "https://pub.dev"
    source: hosted
    version: "14.3.1"
  web:
    dependency: transitive
    description:
      name: web
      sha256: "868d88a33d8a87b18ffc05f9f030ba328ffefba92d6c127917a2ba740f9cfe4a"
      url: "https://pub.dev"
    source: hosted
    version: "1.1.1"
  win32:
    dependency: transitive
    description:
      name: win32
      sha256: dc6ecaa00a7c708e5b4d10ee7bec8c270e9276dfcab1783f57e9962d7884305f
      url: "https://pub.dev"
    source: hosted
    version: "5.12.0"
sdks:
  dart: ">=3.7.0 <4.0.0"
  flutter: ">=3.27.0"
